{
  "name": "myapp",
  "version": "1.0.0",
  "lockfileVersion": 3,
  "requires": true,
  "packages": {
    "": {
      "name": "myapp",
      "version": "1.0.0",
      "license": "ISC",
      "dependencies": {
        "@ihago.santos/fluentsql": "^2.0.1"
      }
    },
    "node_modules/@ihago.santos/fluentsql": {
      "version": "2.0.1",
      "resolved": "https://registry.npmjs.org/@ihago.santos/fluentsql/-/fluentsql-2.0.1.tgz",
      "integrity": "sha512-6kaUE1DTRdzLndO97xF1rBi4beul+Vqr1t8R6xR+5mIHSK/V9jFxwqMOTqpkIu3ONbLpO+mSJW+vi8LqusoY3Q==",
      "license": "ISC"
    }
  }
}
