{
  "name": "myapp",
  "version": "1.0.0",
  "lockfileVersion": 3,
  "requires": true,
  "packages": {
    "": {
      "name": "myapp",
      "version": "1.0.0",
      "license": "ISC",
      "dependencies": {
        "@ihago.santos/fluentsql": "^2.0.0"
      }
    },
    "node_modules/@ihago.santos/fluentsql": {
      "version": "2.0.0",
      "resolved": "https://registry.npmjs.org/@ihago.santos/fluentsql/-/fluentsql-2.0.0.tgz",
      "integrity": "sha512-29w3o6kqGw+lAIqtLHYfDPPSBWOT4U05PihzsxJFCnRfpw8RO964Xj1S7BvrjGLgzGwYNRStDauj4yKxFiLJMw==",
      "license": "ISC"
    }
  }
}
